
Microsoft Visual Studio Solution File, Format Version 12.00
# Visual Studio 15
Project("{FAE04EC0-301F-11D3-BF4B-00C04F79EFBC}") = "Assembly-CSharp", "Assembly-CSharp.csproj", "{CAC73D18-2999-99F7-2FF0-322807A7A3CE}"
EndProject
Project("{FAE04EC0-301F-11D3-BF4B-00C04F79EFBC}") = "Assembly-CSharp-firstpass", "Assembly-CSharp-firstpass.csproj", "{C6D32E92-6E52-6A7A-88CC-FEFDF68B5C6E}"
EndProject
Project("{FAE04EC0-301F-11D3-BF4B-00C04F79EFBC}") = "Assembly-CSharp-Editor-firstpass", "Assembly-CSharp-Editor-firstpass.csproj", "{783CB923-7D8F-16D6-D79B-24F29F1458DD}"
EndProject
Project("{FAE04EC0-301F-11D3-BF4B-00C04F79EFBC}") = "Assembly-CSharp-Editor", "Assembly-CSharp-Editor.csproj", "{707D4BBC-10CE-ABBB-FC6C-C99B4708DDE2}"
EndProject
Global
	GlobalSection(SolutionConfigurationPlatforms) = preSolution
		Debug|Any CPU = Debug|Any CPU
		Release|Any CPU = Release|Any CPU
	EndGlobalSection
	GlobalSection(ProjectConfigurationPlatforms) = postSolution
		{CAC73D18-2999-99F7-2FF0-322807A7A3CE}.Debug|Any CPU.ActiveCfg = Debug|Any CPU
		{CAC73D18-2999-99F7-2FF0-322807A7A3CE}.Debug|Any CPU.Build.0 = Debug|Any CPU
		{CAC73D18-2999-99F7-2FF0-322807A7A3CE}.Release|Any CPU.ActiveCfg = Release|Any CPU
		{CAC73D18-2999-99F7-2FF0-322807A7A3CE}.Release|Any CPU.Build.0 = Release|Any CPU
		{C6D32E92-6E52-6A7A-88CC-FEFDF68B5C6E}.Debug|Any CPU.ActiveCfg = Debug|Any CPU
		{C6D32E92-6E52-6A7A-88CC-FEFDF68B5C6E}.Debug|Any CPU.Build.0 = Debug|Any CPU
		{C6D32E92-6E52-6A7A-88CC-FEFDF68B5C6E}.Release|Any CPU.ActiveCfg = Release|Any CPU
		{C6D32E92-6E52-6A7A-88CC-FEFDF68B5C6E}.Release|Any CPU.Build.0 = Release|Any CPU
		{783CB923-7D8F-16D6-D79B-24F29F1458DD}.Debug|Any CPU.ActiveCfg = Debug|Any CPU
		{783CB923-7D8F-16D6-D79B-24F29F1458DD}.Debug|Any CPU.Build.0 = Debug|Any CPU
		{783CB923-7D8F-16D6-D79B-24F29F1458DD}.Release|Any CPU.ActiveCfg = Release|Any CPU
		{783CB923-7D8F-16D6-D79B-24F29F1458DD}.Release|Any CPU.Build.0 = Release|Any CPU
		{707D4BBC-10CE-ABBB-FC6C-C99B4708DDE2}.Debug|Any CPU.ActiveCfg = Debug|Any CPU
		{707D4BBC-10CE-ABBB-FC6C-C99B4708DDE2}.Debug|Any CPU.Build.0 = Debug|Any CPU
		{707D4BBC-10CE-ABBB-FC6C-C99B4708DDE2}.Release|Any CPU.ActiveCfg = Release|Any CPU
		{707D4BBC-10CE-ABBB-FC6C-C99B4708DDE2}.Release|Any CPU.Build.0 = Release|Any CPU
	EndGlobalSection
	GlobalSection(SolutionProperties) = preSolution
		HideSolutionNode = FALSE
	EndGlobalSection
EndGlobal
